// !$*UTF8*$!
{
	archiveVersion = 1;
	classes = {
	};
	objectVersion = 48;
	objects = {

/* Begin PBXBuildFile section */
		68BD5FD2205D708100AE13E6 /* AppDelegate.swift in Sources */ = {isa = PBXBuildFile; fileRef = 68BD5FD1205D708100AE13E6 /* AppDelegate.swift */; };
		68BD5FD4205D708100AE13E6 /* ViewController.swift in Sources */ = {isa = PBXBuildFile; fileRef = 68BD5FD3205D708100AE13E6 /* ViewController.swift */; };
		68BD5FD7205D708100AE13E6 /* Main.storyboard in Resources */ = {isa = PBXBuildFile; fileRef = 68BD5FD5205D708100AE13E6 /* Main.storyboard */; };
		68BD5FD9205D708100AE13E6 /* Assets.xcassets in Resources */ = {isa = PBXBuildFile; fileRef = 68BD5FD8205D708100AE13E6 /* Assets.xcassets */; };
		68BD5FDC205D708100AE13E6 /* LaunchScreen.storyboard in Resources */ = {isa = PBXBuildFile; fileRef = 68BD5FDA205D708100AE13E6 /* LaunchScreen.storyboard */; };
/* End PBXBuildFile section */

/* Begin PBXFileReference section */
		68BD5FCE205D708100AE13E6 /* BLETask.app */ = {isa = PBXFileReference; explicitFileType = wrapper.application; includeInIndex = 0; path = BLETask.app; sourceTree = BUILT_PRODUCTS_DIR; };
		68BD5FD1205D708100AE13E6 /* AppDelegate.swift */ = {isa = PBXFileReference; lastKnownFileType = sourcecode.swift; path = AppDelegate.swift; sourceTree = "<group>"; };
		68BD5FD3205D708100AE13E6 /* ViewController.swift */ = {isa = PBXFileReference; lastKnownFileType = sourcecode.swift; path = ViewController.swift; sourceTree = "<group>"; };
		68BD5FD6205D708100AE13E6 /* Base */ = {isa = PBXFileReference; lastKnownFileType = file.storyboard; name = Base; path = Base.lproj/Main.storyboard; sourceTree = "<group>"; };
		68BD5FD8205D708100AE13E6 /* Assets.xcassets */ = {isa = PBXFileReference; lastKnownFileType = folder.assetcatalog; path = Assets.xcassets; sourceTree = "<group>"; };
		68BD5FDB205D708100AE13E6 /* Base */ = {isa = PBXFileReference; lastKnownFileType = file.storyboard; name = Base; path = Base.lproj/LaunchScreen.storyboard; sourceTree = "<group>"; };
		68BD5FDD205D708100AE13E6 /* Info.plist */ = {isa = PBXFileReference; lastKnownFileType = text.plist.xml; path = Info.plist; sourceTree = "<group>"; };
/* End PBXFileReference section */

/* Begin PBXFrameworksBuildPhase section */
		68BD5FCB205D708100AE13E6 /* Frameworks */ = {
			isa = PBXFrameworksBuildPhase;
			buildActionMask = 2147483647;
			files = (
			);
			runOnlyForDeploymentPostprocessing = 0;
		};
/* End PBXFrameworksBuildPhase section */

/* Begin PBXGroup section */
		68BD5FC5205D708100AE13E6 = {
			isa = PBXGroup;
			children = (
				68BD5FD0205D708100AE13E6 /* BLETask */,
				68BD5FCF205D708100AE13E6 /* Products */,
			);
			sourceTree = "<group>";
		};
		68BD5FCF205D708100AE13E6 /* Products */ = {
			isa = PBXGroup;
			children = (
				68BD5FCE205D708100AE13E6 /* BLETask.app */,
			);
			name = Products;
			sourceTree = "<group>";
		};
		68BD5FD0205D708100AE13E6 /* BLETask */ = {
			isa = PBXGroup;
			children = (
				68BD5FD1205D708100AE13E6 /* AppDelegate.swift */,
				68BD5FD3205D708100AE13E6 /* ViewController.swift */,
				68BD5FD5205D708100AE13E6 /* Main.storyboard */,
				68BD5FD8205D708100AE13E6 /* Assets.xcassets */,
				68BD5FDA205D708100AE13E6 /* LaunchScreen.storyboard */,
				68BD5FDD205D708100AE13E6 /* Info.plist */,
			);
			path = BLETask;
			sourceTree = "<group>";
		};
/* End PBXGroup section */

/* Begin PBXNativeTarget section */
		68BD5FCD205D708100AE13E6 /* BLETask */ = {
			isa = PBXNativeTarget;
			buildConfigurationList = 68BD5FE0205D708100AE13E6 /* Build configuration list for PBXNativeTarget "BLETask" */;
			buildPhases = (
				68BD5FCA205D708100AE13E6 /* Sources */,
				68BD5FCB205D708100AE13E6 /* Frameworks */,
				68BD5FCC205D708100AE13E6 /* Resources */,
			);
			buildRules = (
			);
			dependencies = (
			);
			name = BLETask;
			productName = BLETask;
			productReference = 68BD5FCE205D708100AE13E6 /* BLETask.app */;
			productType = "com.apple.product-type.application";
		};
/* End PBXNativeTarget section */

/* Begin PBXProject section */
		68BD5FC6205D708100AE13E6 /* Project object */ = {
			isa = PBXProject;
			attributes = {
				LastSwiftUpdateCheck = 0920;
				LastUpgradeCheck = 0920;
				ORGANIZATIONNAME = "Mohamed Abdul-Hameed";
				TargetAttributes = {
					68BD5FCD205D708100AE13E6 = {
						CreatedOnToolsVersion = 9.2;
						ProvisioningStyle = Automatic;
					};
				};
			};
			buildConfigurationList = 68BD5FC9205D708100AE13E6 /* Build configuration list for PBXProject "BLETask" */;
			compatibilityVersion = "Xcode 8.0";
			developmentRegion = en;
			hasScannedForEncodings = 0;
			knownRegions = (
				en,
				Base,
			);
			mainGroup = 68BD5FC5205D708100AE13E6;
			productRefGroup = 68BD5FCF205D708100AE13E6 /* Products */;
			projectDirPath = "";
			projectRoot = "";
			targets = (
				68BD5FCD205D708100AE13E6 /* BLETask */,
			);
		};
/* End PBXProject section */

/* Begin PBXResourcesBuildPhase section */
		68BD5FCC205D708100AE13E6 /* Resources */ = {
			isa = PBXResourcesBuildPhase;
			buildActionMask = 2147483647;
			files = (
				68BD5FDC205D708100AE13E6 /* LaunchScreen.storyboard in Resources */,
				68BD5FD9205D708100AE13E6 /* Assets.xcassets in Resources */,
				68BD5FD7205D708100AE13E6 /* Main.storyboard in Resources */,
			);
			runOnlyForDeploymentPostprocessing = 0;
		};
/* End PBXResourcesBuildPhase section */

/* Begin PBXSourcesBuildPhase section */
		68BD5FCA205D708100AE13E6 /* Sources */ = {
			isa = PBXSourcesBuildPhase;
			buildActionMask = 2147483647;
			files = (
				68BD5FD4205D708100AE13E6 /* ViewController.swift in Sources */,
				68BD5FD2205D708100AE13E6 /* AppDelegate.swift in Sources */,
			);
			runOnlyForDeploymentPostprocessing = 0;
		};
/* End PBXSourcesBuildPhase section */

/* Begin PBXVariantGroup section */
		68BD5FD5205D708100AE13E6 /* Main.storyboard */ = {
			isa = PBXVariantGroup;
			children = (
				68BD5FD6205D708100AE13E6 /* Base */,
			);
			name = Main.storyboard;
			sourceTree = "<group>";
		};
		68BD5FDA205D708100AE13E6 /* LaunchScreen.storyboard */ = {
			isa = PBXVariantGroup;
			children = (
				68BD5FDB205D708100AE13E6 /* Base */,
			);
			name = LaunchScreen.storyboard;
			sourceTree = "<group>";
		};
/* End PBXVariantGroup section */

/* Begin XCBuildConfiguration section */
		68BD5FDE205D708100AE13E6 /* Debug */ = {
			isa = XCBuildConfiguration;
			buildSettings = {
				ALWAYS_SEARCH_USER_PATHS = NO;
				CLANG_ANALYZER_NONNULL = YES;
				CLANG_ANALYZER_NUMBER_OBJECT_CONVERSION = YES_AGGRESSIVE;
				CLANG_CXX_LANGUAGE_STANDARD = "gnu++14";
				CLANG_CXX_LIBRARY = "libc++";
				CLANG_ENABLE_MODULES = YES;
				CLANG_ENABLE_OBJC_ARC = YES;
				CLANG_WARN_BLOCK_CAPTURE_AUTORELEASING = YES;
				CLANG_WARN_BOOL_CONVERSION = YES;
				CLANG_WARN_COMMA = YES;
				CLANG_WARN_CONSTANT_CONVERSION = YES;
				CLANG_WARN_DIRECT_OBJC_ISA_USAGE = YES_ERROR;
				CLANG_WARN_DOCUMENTATION_COMMENTS = YES;
				CLANG_WARN_EMPTY_BODY = YES;
				CLANG_WARN_ENUM_CONVERSION = YES;
				CLANG_WARN_INFINITE_RECURSION = YES;
				CLANG_WARN_INT_CONVERSION = YES;
				CLANG_WARN_NON_LITERAL_NULL_CONVERSION = YES;
				CLANG_WARN_OBJC_LITERAL_CONVERSION = YES;
				CLANG_WARN_OBJC_ROOT_CLASS = YES_ERROR;
				CLANG_WARN_RANGE_LOOP_ANALYSIS = YES;
				CLANG_WARN_STRICT_PROTOTYPES = YES;
				CLANG_WARN_SUSPICIOUS_MOVE = YES;
				CLANG_WARN_UNGUARDED_AVAILABILITY = YES_AGGRESSIVE;
				CLANG_WARN_UNREACHABLE_CODE = YES;
				CLANG_WARN__DUPLICATE_METHOD_MATCH = YES;
				CODE_SIGN_IDENTITY = "iPhone Developer";
				COPY_PHASE_STRIP = NO;
				DEBUG_INFORMATION_FORMAT = dwarf;
				ENABLE_STRICT_OBJC_MSGSEND = YES;
				ENABLE_TESTABILITY = YES;
				GCC_C_LANGUAGE_STANDARD = gnu11;
				GCC_DYNAMIC_NO_PIC = NO;
				GCC_NO_COMMON_BLOCKS = YES;
				GCC_OPTIMIZATION_LEVEL = 0;
				GCC_PREPROCESSOR_DEFINITIONS = (
					"DEBUG=1",
					"$(inherited)",
				);
				GCC_WARN_64_TO_32_BIT_CONVERSION = YES;
				GCC_WARN_ABOUT_RETURN_TYPE = YES_ERROR;
				GCC_WARN_UNDECLARED_SELECTOR = YES;
				GCC_WARN_UNINITIALIZED_AUTOS = YES_AGGRESSIVE;
				GCC_WARN_UNUSED_FUNCTION = YES;
				GCC_WARN_UNUSED_VARIABLE = YES;
				IPHONEOS_DEPLOYMENT_TARGET = 11.2;
				MTL_ENABLE_DEBUG_INFO = YES;
				ONLY_ACTIVE_ARCH = YES;
				SDKROOT = iphoneos;
				SWIFT_ACTIVE_COMPILATION_CONDITIONS = DEBUG;
				SWIFT_OPTIMIZATION_LEVEL = "-Onone";
			};
			name = Debug;
		};
		68BD5FDF205D708100AE13E6 /* Release */ = {
			isa = XCBuildConfiguration;
			buildSettings = {
				ALWAYS_SEARCH_USER_PATHS = NO;
				CLANG_ANALYZER_NONNULL = YES;
				CLANG_ANALYZER_NUMBER_OBJECT_CONVERSION = YES_AGGRESSIVE;
				CLANG_CXX_LANGUAGE_STANDARD = "gnu++14";
				CLANG_CXX_LIBRARY = "libc++";
				CLANG_ENABLE_MODULES = YES;
				CLANG_ENABLE_OBJC_ARC = YES;
				CLANG_WARN_BLOCK_CAPTURE_AUTORELEASING = YES;
				CLANG_WARN_BOOL_CONVERSION = YES;
				CLANG_WARN_COMMA = YES;
				CLANG_WARN_CONSTANT_CONVERSION = YES;
				CLANG_WARN_DIRECT_OBJC_ISA_USAGE = YES_ERROR;
				CLANG_WARN_DOCUMENTATION_COMMENTS = YES;
				CLANG_WARN_EMPTY_BODY = YES;
				CLANG_WARN_ENUM_CONVERSION = YES;
				CLANG_WARN_INFINITE_RECURSION = YES;
				CLANG_WARN_INT_CONVERSION = YES;
				CLANG_WARN_NON_LITERAL_NULL_CONVERSION = YES;
				CLANG_WARN_OBJC_LITERAL_CONVERSION = YES;
				CLANG_WARN_OBJC_ROOT_CLASS = YES_ERROR;
				CLANG_WARN_RANGE_LOOP_ANALYSIS = YES;
				CLANG_WARN_STRICT_PROTOTYPES = YES;
				CLANG_WARN_SUSPICIOUS_MOVE = YES;
				CLANG_WARN_UNGUARDED_AVAILABILITY = YES_AGGRESSIVE;
				CLANG_WARN_UNREACHABLE_CODE = YES;
				CLANG_WARN__DUPLICATE_METHOD_MATCH = YES;
				CODE_SIGN_IDENTITY = "iPhone Developer";
				COPY_PHASE_STRIP = NO;
				DEBUG_INFORMATION_FORMAT = "dwarf-with-dsym";
				ENABLE_NS_ASSERTIONS = NO;
				ENABLE_STRICT_OBJC_MSGSEND = YES;
				GCC_C_LANGUAGE_STANDARD = gnu11;
				GCC_NO_COMMON_BLOCKS = YES;
				GCC_WARN_64_TO_32_BIT_CONVERSION = YES;
				GCC_WARN_ABOUT_RETURN_TYPE = YES_ERROR;
				GCC_WARN_UNDECLARED_SELECTOR = YES;
				GCC_WARN_UNINITIALIZED_AUTOS = YES_AGGRESSIVE;
				GCC_WARN_UNUSED_FUNCTION = YES;
				GCC_WARN_UNUSED_VARIABLE = YES;
				IPHONEOS_DEPLOYMENT_TARGET = 11.2;
				MTL_ENABLE_DEBUG_INFO = NO;
				SDKROOT = iphoneos;
				SWIFT_OPTIMIZATION_LEVEL = "-Owholemodule";
				VALIDATE_PRODUCT = YES;
			};
			name = Release;
		};
		68BD5FE1205D708100AE13E6 /* Debug */ = {
			isa = XCBuildConfiguration;
			buildSettings = {
				ASSETCATALOG_COMPILER_APPICON_NAME = AppIcon;
				CODE_SIGN_STYLE = Automatic;
				DEVELOPMENT_TEAM = 8E332EG7US;
				INFOPLIST_FILE = BLETask/Info.plist;
				LD_RUNPATH_SEARCH_PATHS = "$(inherited) @executable_path/Frameworks";
				PRODUCT_BUNDLE_IDENTIFIER = com.mycompany.BLETask;
				PRODUCT_NAME = "$(TARGET_NAME)";
				SWIFT_VERSION = 4.0;
				TARGETED_DEVICE_FAMILY = "1,2";
			};
			name = Debug;
		};
		68BD5FE2205D708100AE13E6 /* Release */ = {
			isa = XCBuildConfiguration;
			buildSettings = {
				ASSETCATALOG_COMPILER_APPICON_NAME = AppIcon;
				CODE_SIGN_STYLE = Automatic;
				DEVELOPMENT_TEAM = 8E332EG7US;
				INFOPLIST_FILE = BLETask/Info.plist;
				LD_RUNPATH_SEARCH_PATHS = "$(inherited) @executable_path/Frameworks";
				PRODUCT_BUNDLE_IDENTIFIER = com.mycompany.BLETask;
				PRODUCT_NAME = "$(TARGET_NAME)";
				SWIFT_VERSION = 4.0;
				TARGETED_DEVICE_FAMILY = "1,2";
			};
			name = Release;
		};
/* End XCBuildConfiguration section */

/* Begin XCConfigurationList section */
		68BD5FC9205D708100AE13E6 /* Build configuration list for PBXProject "BLETask" */ = {
			isa = XCConfigurationList;
			buildConfigurations = (
				68BD5FDE205D708100AE13E6 /* Debug */,
				68BD5FDF205D708100AE13E6 /* Release */,
			);
			defaultConfigurationIsVisible = 0;
			defaultConfigurationName = Release;
		};
		68BD5FE0205D708100AE13E6 /* Build configuration list for PBXNativeTarget "BLETask" */ = {
			isa = XCConfigurationList;
			buildConfigurations = (
				68BD5FE1205D708100AE13E6 /* Debug */,
				68BD5FE2205D708100AE13E6 /* Release */,
			);
			defaultConfigurationIsVisible = 0;
			defaultConfigurationName = Release;
		};
/* End XCConfigurationList section */
	};
	rootObject = 68BD5FC6205D708100AE13E6 /* Project object */;
}
